
Microsoft Visual Studio Solution File, Format Version 12.00
# Visual Studio Version 17
VisualStudioVersion = 17.5.002.0
MinimumVisualStudioVersion = 10.0.40219.1
Project("{9A19103F-16F7-4668-BE54-9A1E7A4F7556}") = "assessment", "assessment.csproj", "{0F28FE4F-945B-45C0-8F3F-48BAD881B7EB}"
EndProject
Global
	GlobalSection(SolutionConfigurationPlatforms) = preSolution
		Debug|Any CPU = Debug|Any CPU
		Release|Any CPU = Release|Any CPU
	EndGlobalSection
	GlobalSection(ProjectConfigurationPlatforms) = postSolution
		{0F28FE4F-945B-45C0-8F3F-48BAD881B7EB}.Debug|Any CPU.ActiveCfg = Debug|Any CPU
		{0F28FE4F-945B-45C0-8F3F-48BAD881B7EB}.Debug|Any CPU.Build.0 = Debug|Any CPU
		{0F28FE4F-945B-45C0-8F3F-48BAD881B7EB}.Release|Any CPU.ActiveCfg = Release|Any CPU
		{0F28FE4F-945B-45C0-8F3F-48BAD881B7EB}.Release|Any CPU.Build.0 = Release|Any CPU
	EndGlobalSection
	GlobalSection(SolutionProperties) = preSolution
		HideSolutionNode = FALSE
	EndGlobalSection
	GlobalSection(ExtensibilityGlobals) = postSolution
		SolutionGuid = {A6AECC82-FC9E-444B-9E8C-6335D7767896}
	EndGlobalSection
EndGlobal
